// !$*UTF8*$!
{
	archiveVersion = 1;
	classes = {
	};
	objectVersion = 46;
	objects = {

/* Begin PBXBuildFile section */
		1FD8C52413ED378600ADD20A /* UIKit.framework in Frameworks */ = {isa = PBXBuildFile; fileRef = 1FD8C52313ED378600ADD20A /* UIKit.framework */; };
		1FD8C52613ED378600ADD20A /* Foundation.framework in Frameworks */ = {isa = PBXBuildFile; fileRef = 1FD8C52513ED378600ADD20A /* Foundation.framework */; };
		1FD8C52813ED378600ADD20A /* CoreGraphics.framework in Frameworks */ = {isa = PBXBuildFile; fileRef = 1FD8C52713ED378600ADD20A /* CoreGraphics.framework */; };
		1FD8C52E13ED378600ADD20A /* InfoPlist.strings in Resources */ = {isa = PBXBuildFile; fileRef = 1FD8C52C13ED378600ADD20A /* InfoPlist.strings */; };
		1FD8C53013ED378600ADD20A /* main.m in Sources */ = {isa = PBXBuildFile; fileRef = 1FD8C52F13ED378600ADD20A /* main.m */; };
		1FD8C53413ED378600ADD20A /* OpenStreetPadAppDelegate.m in Sources */ = {isa = PBXBuildFile; fileRef = 1FD8C53313ED378600ADD20A /* OpenStreetPadAppDelegate.m */; };
		1FD8C53713ED378600ADD20A /* OpenStreetPadViewController.m in Sources */ = {isa = PBXBuildFile; fileRef = 1FD8C53613ED378600ADD20A /* OpenStreetPadViewController.m */; };
		1FD8C53A13ED378600ADD20A /* OpenStreetPadViewController.xib in Resources */ = {isa = PBXBuildFile; fileRef = 1FD8C53813ED378600ADD20A /* OpenStreetPadViewController.xib */; };
/* End PBXBuildFile section */

/* Begin PBXFileReference section */
		1FD8C51F13ED378500ADD20A /* OpenStreetPad.app */ = {isa = PBXFileReference; explicitFileType = wrapper.application; includeInIndex = 0; path = OpenStreetPad.app; sourceTree = BUILT_PRODUCTS_DIR; };
		1FD8C52313ED378600ADD20A /* UIKit.framework */ = {isa = PBXFileReference; lastKnownFileType = wrapper.framework; name = UIKit.framework; path = System/Library/Frameworks/UIKit.framework; sourceTree = SDKROOT; };
		1FD8C52513ED378600ADD20A /* Foundation.framework */ = {isa = PBXFileReference; lastKnownFileType = wrapper.framework; name = Foundation.framework; path = System/Library/Frameworks/Foundation.framework; sourceTree = SDKROOT; };
		1FD8C52713ED378600ADD20A /* CoreGraphics.framework */ = {isa = PBXFileReference; lastKnownFileType = wrapper.framework; name = CoreGraphics.framework; path = System/Library/Frameworks/CoreGraphics.framework; sourceTree = SDKROOT; };
		1FD8C52B13ED378600ADD20A /* OpenStreetPad-Info.plist */ = {isa = PBXFileReference; path = "OpenStreetPad-Info.plist"; sourceTree = "<group>"; };
		1FD8C52D13ED378600ADD20A /* en */ = {isa = PBXFileReference; lastKnownFileType = text.plist.strings; name = en; path = en.lproj/InfoPlist.strings; sourceTree = "<group>"; };
		1FD8C52F13ED378600ADD20A /* main.m */ = {isa = PBXFileReference; lastKnownFileType = sourcecode.c.objc; path = main.m; sourceTree = "<group>"; };
		1FD8C53113ED378600ADD20A /* OpenStreetPad-Prefix.pch */ = {isa = PBXFileReference; path = "OpenStreetPad-Prefix.pch"; sourceTree = "<group>"; };
		1FD8C53213ED378600ADD20A /* OpenStreetPadAppDelegate.h */ = {isa = PBXFileReference; path = OpenStreetPadAppDelegate.h; sourceTree = "<group>"; };
		1FD8C53313ED378600ADD20A /* OpenStreetPadAppDelegate.m */ = {isa = PBXFileReference; lastKnownFileType = sourcecode.c.objc; path = OpenStreetPadAppDelegate.m; sourceTree = "<group>"; };
		1FD8C53513ED378600ADD20A /* OpenStreetPadViewController.h */ = {isa = PBXFileReference; path = OpenStreetPadViewController.h; sourceTree = "<group>"; };
		1FD8C53613ED378600ADD20A /* OpenStreetPadViewController.m */ = {isa = PBXFileReference; lastKnownFileType = sourcecode.c.objc; path = OpenStreetPadViewController.m; sourceTree = "<group>"; };
		1FD8C53913ED378600ADD20A /* en */ = {isa = PBXFileReference; lastKnownFileType = file.xib; name = en; path = en.lproj/OpenStreetPadViewController.xib; sourceTree = "<group>"; };
/* End PBXFileReference section */

/* Begin PBXFrameworksBuildPhase section */
		1FD8C51C13ED378500ADD20A /* Frameworks */ = {
			isa = PBXFrameworksBuildPhase;
			buildActionMask = 2147483647;
			files = (
				1FD8C52413ED378600ADD20A /* UIKit.framework in Frameworks */,
				1FD8C52613ED378600ADD20A /* Foundation.framework in Frameworks */,
				1FD8C52813ED378600ADD20A /* CoreGraphics.framework in Frameworks */,
			);
			runOnlyForDeploymentPostprocessing = 0;
		};
/* End PBXFrameworksBuildPhase section */

/* Begin PBXGroup section */
		1FD8C51413ED378500ADD20A = {
			isa = PBXGroup;
			children = (
				1FD8C52913ED378600ADD20A /* OpenStreetPad */,
				1FD8C52213ED378600ADD20A /* Frameworks */,
				1FD8C52013ED378500ADD20A /* Products */,
			);
			sourceTree = "<group>";
		};
		1FD8C52013ED378500ADD20A /* Products */ = {
			isa = PBXGroup;
			children = (
				1FD8C51F13ED378500ADD20A /* OpenStreetPad.app */,
			);
			name = Products;
			sourceTree = "<group>";
		};
		1FD8C52213ED378600ADD20A /* Frameworks */ = {
			isa = PBXGroup;
			children = (
				1FD8C52313ED378600ADD20A /* UIKit.framework */,
				1FD8C52513ED378600ADD20A /* Foundation.framework */,
				1FD8C52713ED378600ADD20A /* CoreGraphics.framework */,
			);
			name = Frameworks;
			sourceTree = "<group>";
		};
		1FD8C52913ED378600ADD20A /* OpenStreetPad */ = {
			isa = PBXGroup;
			children = (
				1FD8C53213ED378600ADD20A /* OpenStreetPadAppDelegate.h */,
				1FD8C53313ED378600ADD20A /* OpenStreetPadAppDelegate.m */,
				1FD8C53513ED378600ADD20A /* OpenStreetPadViewController.h */,
				1FD8C53613ED378600ADD20A /* OpenStreetPadViewController.m */,
				1FD8C53813ED378600ADD20A /* OpenStreetPadViewController.xib */,
				1FD8C52A13ED378600ADD20A /* Supporting Files */,
			);
			path = OpenStreetPad;
			sourceTree = "<group>";
		};
		1FD8C52A13ED378600ADD20A /* Supporting Files */ = {
			isa = PBXGroup;
			children = (
				1FD8C52B13ED378600ADD20A /* OpenStreetPad-Info.plist */,
				1FD8C52C13ED378600ADD20A /* InfoPlist.strings */,
				1FD8C52F13ED378600ADD20A /* main.m */,
				1FD8C53113ED378600ADD20A /* OpenStreetPad-Prefix.pch */,
			);
			name = "Supporting Files";
			sourceTree = "<group>";
		};
/* End PBXGroup section */

/* Begin PBXNativeTarget section */
		1FD8C51E13ED378500ADD20A /* OpenStreetPad */ = {
			isa = PBXNativeTarget;
			buildConfigurationList = 1FD8C53D13ED378600ADD20A /* Build configuration list for PBXNativeTarget "OpenStreetPad" */;
			buildPhases = (
				1FD8C51B13ED378500ADD20A /* Sources */,
				1FD8C51C13ED378500ADD20A /* Frameworks */,
				1FD8C51D13ED378500ADD20A /* Resources */,
			);
			buildRules = (
			);
			dependencies = (
			);
			name = OpenStreetPad;
			productName = OpenStreetPad;
			productReference = 1FD8C51F13ED378500ADD20A /* OpenStreetPad.app */;
			productType = "com.apple.product-type.application";
		};
/* End PBXNativeTarget section */

/* Begin PBXProject section */
		1FD8C51613ED378500ADD20A /* Project object */ = {
			isa = PBXProject;
			attributes = {
				ORGANIZATIONNAME = "Hunted Cow Studios";
			};
			buildConfigurationList = 1FD8C51913ED378500ADD20A /* Build configuration list for PBXProject "OpenStreetPad" */;
			compatibilityVersion = "Xcode 3.2";
			developmentRegion = English;
			hasScannedForEncodings = 0;
			knownRegions = (
				en,
			);
			mainGroup = 1FD8C51413ED378500ADD20A;
			productRefGroup = 1FD8C52013ED378500ADD20A /* Products */;
			projectDirPath = "";
			projectRoot = "";
			targets = (
				1FD8C51E13ED378500ADD20A /* OpenStreetPad */,
			);
		};
/* End PBXProject section */

/* Begin PBXResourcesBuildPhase section */
		1FD8C51D13ED378500ADD20A /* Resources */ = {
			isa = PBXResourcesBuildPhase;
			buildActionMask = 2147483647;
			files = (
				1FD8C52E13ED378600ADD20A /* InfoPlist.strings in Resources */,
				1FD8C53A13ED378600ADD20A /* OpenStreetPadViewController.xib in Resources */,
			);
			runOnlyForDeploymentPostprocessing = 0;
		};
/* End PBXResourcesBuildPhase section */

/* Begin PBXSourcesBuildPhase section */
		1FD8C51B13ED378500ADD20A /* Sources */ = {
			isa = PBXSourcesBuildPhase;
			buildActionMask = 2147483647;
			files = (
				1FD8C53013ED378600ADD20A /* main.m in Sources */,
				1FD8C53413ED378600ADD20A /* OpenStreetPadAppDelegate.m in Sources */,
				1FD8C53713ED378600ADD20A /* OpenStreetPadViewController.m in Sources */,
			);
			runOnlyForDeploymentPostprocessing = 0;
		};
/* End PBXSourcesBuildPhase section */

/* Begin PBXVariantGroup section */
		1FD8C52C13ED378600ADD20A /* InfoPlist.strings */ = {
			isa = PBXVariantGroup;
			children = (
				1FD8C52D13ED378600ADD20A /* en */,
			);
			name = InfoPlist.strings;
			sourceTree = "<group>";
		};
		1FD8C53813ED378600ADD20A /* OpenStreetPadViewController.xib */ = {
			isa = PBXVariantGroup;
			children = (
				1FD8C53913ED378600ADD20A /* en */,
			);
			name = OpenStreetPadViewController.xib;
			sourceTree = "<group>";
		};
/* End PBXVariantGroup section */

/* Begin XCBuildConfiguration section */
		1FD8C53B13ED378600ADD20A /* Debug */ = {
			isa = XCBuildConfiguration;
			buildSettings = {
				ALWAYS_SEARCH_USER_PATHS = NO;
				ARCHS = "$(ARCHS_STANDARD_32_BIT)";
				CLANG_ENABLE_OBJC_ARC = YES;
				"CODE_SIGN_IDENTITY[sdk=iphoneos*]" = "iPhone Developer";
				COPY_PHASE_STRIP = NO;
				GCC_C_LANGUAGE_STANDARD = gnu99;
				GCC_DYNAMIC_NO_PIC = NO;
				GCC_OPTIMIZATION_LEVEL = 0;
				GCC_PREPROCESSOR_DEFINITIONS = (
					"DEBUG=1",
					"$(inherited)",
				);
				GCC_SYMBOLS_PRIVATE_EXTERN = NO;
				GCC_VERSION = com.apple.compilers.llvm.clang.1_0;
				GCC_WARN_ABOUT_MISSING_PROTOTYPES = YES;
				GCC_WARN_ABOUT_RETURN_TYPE = YES;
				GCC_WARN_UNUSED_VARIABLE = YES;
				IPHONEOS_DEPLOYMENT_TARGET = 5.0;
				SDKROOT = iphoneos;
				TARGETED_DEVICE_FAMILY = 2;
			};
			name = Debug;
		};
		1FD8C53C13ED378600ADD20A /* Release */ = {
			isa = XCBuildConfiguration;
			buildSettings = {
				ALWAYS_SEARCH_USER_PATHS = NO;
				ARCHS = "$(ARCHS_STANDARD_32_BIT)";
				CLANG_ENABLE_OBJC_ARC = YES;
				"CODE_SIGN_IDENTITY[sdk=iphoneos*]" = "iPhone Developer";
				COPY_PHASE_STRIP = YES;
				GCC_C_LANGUAGE_STANDARD = gnu99;
				GCC_VERSION = com.apple.compilers.llvm.clang.1_0;
				GCC_WARN_ABOUT_MISSING_PROTOTYPES = YES;
				GCC_WARN_ABOUT_RETURN_TYPE = YES;
				GCC_WARN_UNUSED_VARIABLE = YES;
				IPHONEOS_DEPLOYMENT_TARGET = 5.0;
				OTHER_CFLAGS = "-DNS_BLOCK_ASSERTIONS=1";
				SDKROOT = iphoneos;
				TARGETED_DEVICE_FAMILY = 2;
				VALIDATE_PRODUCT = YES;
			};
			name = Release;
		};
		1FD8C53E13ED378600ADD20A /* Debug */ = {
			isa = XCBuildConfiguration;
			buildSettings = {
				GCC_PRECOMPILE_PREFIX_HEADER = YES;
				GCC_PREFIX_HEADER = "OpenStreetPad/OpenStreetPad-Prefix.pch";
				INFOPLIST_FILE = "OpenStreetPad/OpenStreetPad-Info.plist";
				PRODUCT_NAME = "$(TARGET_NAME)";
				WRAPPER_EXTENSION = app;
			};
			name = Debug;
		};
		1FD8C53F13ED378600ADD20A /* Release */ = {
			isa = XCBuildConfiguration;
			buildSettings = {
				GCC_PRECOMPILE_PREFIX_HEADER = YES;
				GCC_PREFIX_HEADER = "OpenStreetPad/OpenStreetPad-Prefix.pch";
				INFOPLIST_FILE = "OpenStreetPad/OpenStreetPad-Info.plist";
				PRODUCT_NAME = "$(TARGET_NAME)";
				WRAPPER_EXTENSION = app;
			};
			name = Release;
		};
/* End XCBuildConfiguration section */

/* Begin XCConfigurationList section */
		1FD8C51913ED378500ADD20A /* Build configuration list for PBXProject "OpenStreetPad" */ = {
			isa = XCConfigurationList;
			buildConfigurations = (
				1FD8C53B13ED378600ADD20A /* Debug */,
				1FD8C53C13ED378600ADD20A /* Release */,
			);
			defaultConfigurationIsVisible = 0;
			defaultConfigurationName = Release;
		};
		1FD8C53D13ED378600ADD20A /* Build configuration list for PBXNativeTarget "OpenStreetPad" */ = {
			isa = XCConfigurationList;
			buildConfigurations = (
				1FD8C53E13ED378600ADD20A /* Debug */,
				1FD8C53F13ED378600ADD20A /* Release */,
			);
			defaultConfigurationIsVisible = 0;
		};
/* End XCConfigurationList section */
	};
	rootObject = 1FD8C51613ED378500ADD20A /* Project object */;
}
